
Microsoft Visual Studio Solution File, Format Version 12.00
# Visual Studio 15
VisualStudioVersion = 15.0.28307.329
MinimumVisualStudioVersion = 10.0.40219.1
Project("{FAE04EC0-301F-11D3-BF4B-00C04F79EFBC}") = "testNetCoreFunctionApp", "testNetCoreFunctionApp\testNetCoreFunctionApp.csproj", "{0F380723-B7A7-4398-87E9-CA22C803053C}"
EndProject
Global
	GlobalSection(SolutionConfigurationPlatforms) = preSolution
		Debug|Any CPU = Debug|Any CPU
		Release|Any CPU = Release|Any CPU
	EndGlobalSection
	GlobalSection(ProjectConfigurationPlatforms) = postSolution
		{0F380723-B7A7-4398-87E9-CA22C803053C}.Debug|Any CPU.ActiveCfg = Debug|Any CPU
		{0F380723-B7A7-4398-87E9-CA22C803053C}.Debug|Any CPU.Build.0 = Debug|Any CPU
		{0F380723-B7A7-4398-87E9-CA22C803053C}.Release|Any CPU.ActiveCfg = Release|Any CPU
		{0F380723-B7A7-4398-87E9-CA22C803053C}.Release|Any CPU.Build.0 = Release|Any CPU
	EndGlobalSection
	GlobalSection(SolutionProperties) = preSolution
		HideSolutionNode = FALSE
	EndGlobalSection
	GlobalSection(ExtensibilityGlobals) = postSolution
		SolutionGuid = {E62C7497-C6A1-4D2A-BC0D-739212504521}
	EndGlobalSection
EndGlobal
